
Microsoft Visual Studio Solution File, Format Version 12.00
# Visual Studio 15
VisualStudioVersion = 15.0.28307.168
MinimumVisualStudioVersion = 10.0.40219.1
Project("{9A19103F-16F7-4668-BE54-9A1E7A4F7556}") = "BlocktradeExchangeLib", "BlocktradeExchangeLib\BlocktradeExchangeLib.csproj", "{6C865E1B-96EC-41CD-9826-1D66965AD62B}"
EndProject
Project("{FAE04EC0-301F-11D3-BF4B-00C04F79EFBC}") = "BlocktradeExchangeLibTests", "BlocktradeExchangeLibTests\BlocktradeExchangeLibTests.csproj", "{D79C1A03-973A-49A8-92CF-0CBC7BC84F4A}"
EndProject
Global
	GlobalSection(SolutionConfigurationPlatforms) = preSolution
		Debug|Any CPU = Debug|Any CPU
		Release|Any CPU = Release|Any CPU
	EndGlobalSection
	GlobalSection(ProjectConfigurationPlatforms) = postSolution
		{6C865E1B-96EC-41CD-9826-1D66965AD62B}.Debug|Any CPU.ActiveCfg = Debug|Any CPU
		{6C865E1B-96EC-41CD-9826-1D66965AD62B}.Debug|Any CPU.Build.0 = Debug|Any CPU
		{6C865E1B-96EC-41CD-9826-1D66965AD62B}.Release|Any CPU.ActiveCfg = Release|Any CPU
		{6C865E1B-96EC-41CD-9826-1D66965AD62B}.Release|Any CPU.Build.0 = Release|Any CPU
		{D79C1A03-973A-49A8-92CF-0CBC7BC84F4A}.Debug|Any CPU.ActiveCfg = Debug|Any CPU
		{D79C1A03-973A-49A8-92CF-0CBC7BC84F4A}.Debug|Any CPU.Build.0 = Debug|Any CPU
		{D79C1A03-973A-49A8-92CF-0CBC7BC84F4A}.Release|Any CPU.ActiveCfg = Release|Any CPU
		{D79C1A03-973A-49A8-92CF-0CBC7BC84F4A}.Release|Any CPU.Build.0 = Release|Any CPU
	EndGlobalSection
	GlobalSection(SolutionProperties) = preSolution
		HideSolutionNode = FALSE
	EndGlobalSection
	GlobalSection(ExtensibilityGlobals) = postSolution
		SolutionGuid = {57A96A66-D932-4496-B0FD-E4081E374C96}
	EndGlobalSection
EndGlobal
